
Microsoft Visual Studio Solution File, Format Version 12.00
#
Project("{FAE04EC0-301F-11D3-BF4B-00C04F79EFBC}") = "Orders.Api", "Orders.Api\Orders.Api.csproj", "{0CF2E6D2-A53C-4787-865F-1449F5E31A46}"
EndProject
Project("{2150E333-8FDC-42A3-9474-1A3956D46DE8}") = "Orders", "Orders", "{E5F68FFF-BC8B-4037-A060-E1669DF416B3}"
EndProject
Project("{2150E333-8FDC-42A3-9474-1A3956D46DE8}") = "Invoicing", "Invoicing", "{F6F270FF-09FF-492E-9534-87101D8AEA6C}"
EndProject
Project("{2150E333-8FDC-42A3-9474-1A3956D46DE8}") = "Shipping", "Shipping", "{9618169B-C6C9-48B2-8B03-0C34A2E3E4B9}"
EndProject
Project("{2150E333-8FDC-42A3-9474-1A3956D46DE8}") = "Data", "Data", "{8EF16D37-9F5E-44BD-9DBA-96B34339836F}"
EndProject
Project("{2150E333-8FDC-42A3-9474-1A3956D46DE8}") = "Domain", "Domain", "{727B5293-BB60-4DCC-878B-D96C9FB291DC}"
EndProject
Project("{2150E333-8FDC-42A3-9474-1A3956D46DE8}") = "Messaging", "Messaging", "{A6451C5C-073B-4983-9EEB-36982435B714}"
EndProject
Project("{FAE04EC0-301F-11D3-BF4B-00C04F79EFBC}") = "Orders.Data", "Orders.Data\Orders.Data.csproj", "{777CC7C5-B1D0-4337-9B75-288F02F95524}"
EndProject
Project("{FAE04EC0-301F-11D3-BF4B-00C04F79EFBC}") = "Orders.Dto", "Orders.Dto\Orders.Dto.csproj", "{EA3C3595-9921-4A48-9733-8AA8CD379630}"
EndProject
Project("{FAE04EC0-301F-11D3-BF4B-00C04F79EFBC}") = "Orders.Domain", "Orders.Domain\Orders.Domain.csproj", "{0F726C3A-D6C9-4A09-B681-07E993BDFC4D}"
EndProject
Project("{FAE04EC0-301F-11D3-BF4B-00C04F79EFBC}") = "Orders.Events", "Orders.Events\Orders.Events.csproj", "{CB48E203-14CE-4C4D-91F1-35400F252425}"
EndProject
Project("{FAE04EC0-301F-11D3-BF4B-00C04F79EFBC}") = "Orders.Events.ServiceBus", "Orders.Events.ServiceBus\Orders.Events.ServiceBus.csproj", "{A7F8ECC4-561C-478B-8B92-4D2B30E17671}"
EndProject
Project("{FAE04EC0-301F-11D3-BF4B-00C04F79EFBC}") = "Orders.Invoicing.EventProcessor", "Orders.Invoicing.EventProcessor\Orders.Invoicing.EventProcessor.csproj", "{76B44B20-BBB1-4464-BF97-0ECF8FE334C9}"
EndProject
Project("{2150E333-8FDC-42A3-9474-1A3956D46DE8}") = "Data", "Data", "{66C16138-B635-400E-8C3E-6C742D6B3CC2}"
EndProject
Project("{2150E333-8FDC-42A3-9474-1A3956D46DE8}") = "Domain", "Domain", "{D5E6E4E6-F817-424D-826B-175AF750D102}"
EndProject
Project("{2150E333-8FDC-42A3-9474-1A3956D46DE8}") = "Messaging", "Messaging", "{D897913E-90C0-4F4E-9584-5D39A8A76378}"
EndProject
Project("{FAE04EC0-301F-11D3-BF4B-00C04F79EFBC}") = "Invoicing.Data", "Invoicing.Data\Invoicing.Data.csproj", "{8A14A726-DF74-4EC3-A843-0EBA183EE120}"
EndProject
Project("{FAE04EC0-301F-11D3-BF4B-00C04F79EFBC}") = "Invoicing.Domain", "Invoicing.Domain\Invoicing.Domain.csproj", "{F726FEFC-D999-49D7-9191-C94EBC1D3C16}"
EndProject
Project("{FAE04EC0-301F-11D3-BF4B-00C04F79EFBC}") = "Invoicing.Dto", "Invoicing.Dto\Invoicing.Dto.csproj", "{A84A9C9D-0C57-44D9-99EB-F4A2254FCF07}"
EndProject
Project("{FAE04EC0-301F-11D3-BF4B-00C04F79EFBC}") = "Invoicing.Events", "Invoicing.Events\Invoicing.Events.csproj", "{4E5F4A39-26E0-401D-B93E-DEB94856DE0A}"
EndProject
Project("{FAE04EC0-301F-11D3-BF4B-00C04F79EFBC}") = "Invoicing.Events.ServiceBus", "Invoicing.Events.ServiceBus\Invoicing.Events.ServiceBus.csproj", "{9F34F490-E0B4-4B18-9B44-560E2A74669C}"
EndProject
Project("{2150E333-8FDC-42A3-9474-1A3956D46DE8}") = "Data", "Data", "{601E9554-6CD2-4392-B1A9-61B0BFD9319C}"
EndProject
Project("{2150E333-8FDC-42A3-9474-1A3956D46DE8}") = "Domain", "Domain", "{81BE380F-D28A-4BB1-ADF6-745C4BC21FB1}"
EndProject
Project("{2150E333-8FDC-42A3-9474-1A3956D46DE8}") = "Messaging", "Messaging", "{7A44BB95-84E2-4079-B9E3-B2FD3AAFC664}"
EndProject
Project("{FAE04EC0-301F-11D3-BF4B-00C04F79EFBC}") = "Shipping.Domain", "Shipping.Domain\Shipping.Domain.csproj", "{108F1694-FB7A-4D50-A610-B9CA1DA33A8A}"
EndProject
Project("{FAE04EC0-301F-11D3-BF4B-00C04F79EFBC}") = "Shipping.Dto", "Shipping.Dto\Shipping.Dto.csproj", "{1EF37AE1-ADC0-4D2E-B0F0-7D3D21CE31E3}"
EndProject
Project("{FAE04EC0-301F-11D3-BF4B-00C04F79EFBC}") = "Shipping.Events.ServiceBus", "Shipping.Events.ServiceBus\Shipping.Events.ServiceBus.csproj", "{943FA40F-0014-47AD-90B1-A3D8D31E8018}"
EndProject
Project("{FAE04EC0-301F-11D3-BF4B-00C04F79EFBC}") = "Shipping.Events", "Shipping.Events\Shipping.Events.csproj", "{04E0E679-1E43-4A4D-8FB5-3C5A2194CAA5}"
EndProject
Project("{FAE04EC0-301F-11D3-BF4B-00C04F79EFBC}") = "Invoicing.Shipping.EventProcessor", "Invoicing.Shipping.EventProcessor\Invoicing.Shipping.EventProcessor.csproj", "{6B50FEA5-A808-4BB0-B7BA-9CA0DEFDA736}"
EndProject
Project("{FAE04EC0-301F-11D3-BF4B-00C04F79EFBC}") = "Shipping.Data", "Shipping.Data\Shipping.Data.csproj", "{EDB33ECE-489D-4918-84EC-E232B1F33AF4}"
EndProject
Global
	GlobalSection(SolutionConfigurationPlatforms) = preSolution
		Debug|Any CPU = Debug|Any CPU
		Release|Any CPU = Release|Any CPU
	EndGlobalSection
	GlobalSection(ProjectConfigurationPlatforms) = postSolution
		{0CF2E6D2-A53C-4787-865F-1449F5E31A46}.Debug|Any CPU.ActiveCfg = Debug|Any CPU
		{0CF2E6D2-A53C-4787-865F-1449F5E31A46}.Debug|Any CPU.Build.0 = Debug|Any CPU
		{0CF2E6D2-A53C-4787-865F-1449F5E31A46}.Release|Any CPU.ActiveCfg = Release|Any CPU
		{0CF2E6D2-A53C-4787-865F-1449F5E31A46}.Release|Any CPU.Build.0 = Release|Any CPU
		{777CC7C5-B1D0-4337-9B75-288F02F95524}.Debug|Any CPU.ActiveCfg = Debug|Any CPU
		{777CC7C5-B1D0-4337-9B75-288F02F95524}.Debug|Any CPU.Build.0 = Debug|Any CPU
		{777CC7C5-B1D0-4337-9B75-288F02F95524}.Release|Any CPU.ActiveCfg = Release|Any CPU
		{777CC7C5-B1D0-4337-9B75-288F02F95524}.Release|Any CPU.Build.0 = Release|Any CPU
		{EA3C3595-9921-4A48-9733-8AA8CD379630}.Debug|Any CPU.ActiveCfg = Debug|Any CPU
		{EA3C3595-9921-4A48-9733-8AA8CD379630}.Debug|Any CPU.Build.0 = Debug|Any CPU
		{EA3C3595-9921-4A48-9733-8AA8CD379630}.Release|Any CPU.ActiveCfg = Release|Any CPU
		{EA3C3595-9921-4A48-9733-8AA8CD379630}.Release|Any CPU.Build.0 = Release|Any CPU
		{0F726C3A-D6C9-4A09-B681-07E993BDFC4D}.Debug|Any CPU.ActiveCfg = Debug|Any CPU
		{0F726C3A-D6C9-4A09-B681-07E993BDFC4D}.Debug|Any CPU.Build.0 = Debug|Any CPU
		{0F726C3A-D6C9-4A09-B681-07E993BDFC4D}.Release|Any CPU.ActiveCfg = Release|Any CPU
		{0F726C3A-D6C9-4A09-B681-07E993BDFC4D}.Release|Any CPU.Build.0 = Release|Any CPU
		{CB48E203-14CE-4C4D-91F1-35400F252425}.Debug|Any CPU.ActiveCfg = Debug|Any CPU
		{CB48E203-14CE-4C4D-91F1-35400F252425}.Debug|Any CPU.Build.0 = Debug|Any CPU
		{CB48E203-14CE-4C4D-91F1-35400F252425}.Release|Any CPU.ActiveCfg = Release|Any CPU
		{CB48E203-14CE-4C4D-91F1-35400F252425}.Release|Any CPU.Build.0 = Release|Any CPU
		{A7F8ECC4-561C-478B-8B92-4D2B30E17671}.Debug|Any CPU.ActiveCfg = Debug|Any CPU
		{A7F8ECC4-561C-478B-8B92-4D2B30E17671}.Debug|Any CPU.Build.0 = Debug|Any CPU
		{A7F8ECC4-561C-478B-8B92-4D2B30E17671}.Release|Any CPU.ActiveCfg = Release|Any CPU
		{A7F8ECC4-561C-478B-8B92-4D2B30E17671}.Release|Any CPU.Build.0 = Release|Any CPU
		{76B44B20-BBB1-4464-BF97-0ECF8FE334C9}.Debug|Any CPU.ActiveCfg = Debug|Any CPU
		{76B44B20-BBB1-4464-BF97-0ECF8FE334C9}.Debug|Any CPU.Build.0 = Debug|Any CPU
		{76B44B20-BBB1-4464-BF97-0ECF8FE334C9}.Release|Any CPU.ActiveCfg = Release|Any CPU
		{76B44B20-BBB1-4464-BF97-0ECF8FE334C9}.Release|Any CPU.Build.0 = Release|Any CPU
		{8A14A726-DF74-4EC3-A843-0EBA183EE120}.Debug|Any CPU.ActiveCfg = Debug|Any CPU
		{8A14A726-DF74-4EC3-A843-0EBA183EE120}.Debug|Any CPU.Build.0 = Debug|Any CPU
		{8A14A726-DF74-4EC3-A843-0EBA183EE120}.Release|Any CPU.ActiveCfg = Release|Any CPU
		{8A14A726-DF74-4EC3-A843-0EBA183EE120}.Release|Any CPU.Build.0 = Release|Any CPU
		{F726FEFC-D999-49D7-9191-C94EBC1D3C16}.Debug|Any CPU.ActiveCfg = Debug|Any CPU
		{F726FEFC-D999-49D7-9191-C94EBC1D3C16}.Debug|Any CPU.Build.0 = Debug|Any CPU
		{F726FEFC-D999-49D7-9191-C94EBC1D3C16}.Release|Any CPU.ActiveCfg = Release|Any CPU
		{F726FEFC-D999-49D7-9191-C94EBC1D3C16}.Release|Any CPU.Build.0 = Release|Any CPU
		{A84A9C9D-0C57-44D9-99EB-F4A2254FCF07}.Debug|Any CPU.ActiveCfg = Debug|Any CPU
		{A84A9C9D-0C57-44D9-99EB-F4A2254FCF07}.Debug|Any CPU.Build.0 = Debug|Any CPU
		{A84A9C9D-0C57-44D9-99EB-F4A2254FCF07}.Release|Any CPU.ActiveCfg = Release|Any CPU
		{A84A9C9D-0C57-44D9-99EB-F4A2254FCF07}.Release|Any CPU.Build.0 = Release|Any CPU
		{4E5F4A39-26E0-401D-B93E-DEB94856DE0A}.Debug|Any CPU.ActiveCfg = Debug|Any CPU
		{4E5F4A39-26E0-401D-B93E-DEB94856DE0A}.Debug|Any CPU.Build.0 = Debug|Any CPU
		{4E5F4A39-26E0-401D-B93E-DEB94856DE0A}.Release|Any CPU.ActiveCfg = Release|Any CPU
		{4E5F4A39-26E0-401D-B93E-DEB94856DE0A}.Release|Any CPU.Build.0 = Release|Any CPU
		{9F34F490-E0B4-4B18-9B44-560E2A74669C}.Debug|Any CPU.ActiveCfg = Debug|Any CPU
		{9F34F490-E0B4-4B18-9B44-560E2A74669C}.Debug|Any CPU.Build.0 = Debug|Any CPU
		{9F34F490-E0B4-4B18-9B44-560E2A74669C}.Release|Any CPU.ActiveCfg = Release|Any CPU
		{9F34F490-E0B4-4B18-9B44-560E2A74669C}.Release|Any CPU.Build.0 = Release|Any CPU
		{108F1694-FB7A-4D50-A610-B9CA1DA33A8A}.Debug|Any CPU.ActiveCfg = Debug|Any CPU
		{108F1694-FB7A-4D50-A610-B9CA1DA33A8A}.Debug|Any CPU.Build.0 = Debug|Any CPU
		{108F1694-FB7A-4D50-A610-B9CA1DA33A8A}.Release|Any CPU.ActiveCfg = Release|Any CPU
		{108F1694-FB7A-4D50-A610-B9CA1DA33A8A}.Release|Any CPU.Build.0 = Release|Any CPU
		{1EF37AE1-ADC0-4D2E-B0F0-7D3D21CE31E3}.Debug|Any CPU.ActiveCfg = Debug|Any CPU
		{1EF37AE1-ADC0-4D2E-B0F0-7D3D21CE31E3}.Debug|Any CPU.Build.0 = Debug|Any CPU
		{1EF37AE1-ADC0-4D2E-B0F0-7D3D21CE31E3}.Release|Any CPU.ActiveCfg = Release|Any CPU
		{1EF37AE1-ADC0-4D2E-B0F0-7D3D21CE31E3}.Release|Any CPU.Build.0 = Release|Any CPU
		{943FA40F-0014-47AD-90B1-A3D8D31E8018}.Debug|Any CPU.ActiveCfg = Debug|Any CPU
		{943FA40F-0014-47AD-90B1-A3D8D31E8018}.Debug|Any CPU.Build.0 = Debug|Any CPU
		{943FA40F-0014-47AD-90B1-A3D8D31E8018}.Release|Any CPU.ActiveCfg = Release|Any CPU
		{943FA40F-0014-47AD-90B1-A3D8D31E8018}.Release|Any CPU.Build.0 = Release|Any CPU
		{04E0E679-1E43-4A4D-8FB5-3C5A2194CAA5}.Debug|Any CPU.ActiveCfg = Debug|Any CPU
		{04E0E679-1E43-4A4D-8FB5-3C5A2194CAA5}.Debug|Any CPU.Build.0 = Debug|Any CPU
		{04E0E679-1E43-4A4D-8FB5-3C5A2194CAA5}.Release|Any CPU.ActiveCfg = Release|Any CPU
		{04E0E679-1E43-4A4D-8FB5-3C5A2194CAA5}.Release|Any CPU.Build.0 = Release|Any CPU
		{6B50FEA5-A808-4BB0-B7BA-9CA0DEFDA736}.Debug|Any CPU.ActiveCfg = Debug|Any CPU
		{6B50FEA5-A808-4BB0-B7BA-9CA0DEFDA736}.Debug|Any CPU.Build.0 = Debug|Any CPU
		{6B50FEA5-A808-4BB0-B7BA-9CA0DEFDA736}.Release|Any CPU.ActiveCfg = Release|Any CPU
		{6B50FEA5-A808-4BB0-B7BA-9CA0DEFDA736}.Release|Any CPU.Build.0 = Release|Any CPU
		{EDB33ECE-489D-4918-84EC-E232B1F33AF4}.Debug|Any CPU.ActiveCfg = Debug|Any CPU
		{EDB33ECE-489D-4918-84EC-E232B1F33AF4}.Debug|Any CPU.Build.0 = Debug|Any CPU
		{EDB33ECE-489D-4918-84EC-E232B1F33AF4}.Release|Any CPU.ActiveCfg = Release|Any CPU
		{EDB33ECE-489D-4918-84EC-E232B1F33AF4}.Release|Any CPU.Build.0 = Release|Any CPU
	EndGlobalSection
	GlobalSection(NestedProjects) = preSolution
		{0CF2E6D2-A53C-4787-865F-1449F5E31A46} = {E5F68FFF-BC8B-4037-A060-E1669DF416B3}
		{8EF16D37-9F5E-44BD-9DBA-96B34339836F} = {E5F68FFF-BC8B-4037-A060-E1669DF416B3}
		{727B5293-BB60-4DCC-878B-D96C9FB291DC} = {E5F68FFF-BC8B-4037-A060-E1669DF416B3}
		{A6451C5C-073B-4983-9EEB-36982435B714} = {E5F68FFF-BC8B-4037-A060-E1669DF416B3}
		{777CC7C5-B1D0-4337-9B75-288F02F95524} = {8EF16D37-9F5E-44BD-9DBA-96B34339836F}
		{EA3C3595-9921-4A48-9733-8AA8CD379630} = {727B5293-BB60-4DCC-878B-D96C9FB291DC}
		{0F726C3A-D6C9-4A09-B681-07E993BDFC4D} = {727B5293-BB60-4DCC-878B-D96C9FB291DC}
		{CB48E203-14CE-4C4D-91F1-35400F252425} = {A6451C5C-073B-4983-9EEB-36982435B714}
		{A7F8ECC4-561C-478B-8B92-4D2B30E17671} = {A6451C5C-073B-4983-9EEB-36982435B714}
		{66C16138-B635-400E-8C3E-6C742D6B3CC2} = {F6F270FF-09FF-492E-9534-87101D8AEA6C}
		{D5E6E4E6-F817-424D-826B-175AF750D102} = {F6F270FF-09FF-492E-9534-87101D8AEA6C}
		{D897913E-90C0-4F4E-9584-5D39A8A76378} = {F6F270FF-09FF-492E-9534-87101D8AEA6C}
		{8A14A726-DF74-4EC3-A843-0EBA183EE120} = {66C16138-B635-400E-8C3E-6C742D6B3CC2}
		{F726FEFC-D999-49D7-9191-C94EBC1D3C16} = {D5E6E4E6-F817-424D-826B-175AF750D102}
		{A84A9C9D-0C57-44D9-99EB-F4A2254FCF07} = {D5E6E4E6-F817-424D-826B-175AF750D102}
		{4E5F4A39-26E0-401D-B93E-DEB94856DE0A} = {D897913E-90C0-4F4E-9584-5D39A8A76378}
		{9F34F490-E0B4-4B18-9B44-560E2A74669C} = {D897913E-90C0-4F4E-9584-5D39A8A76378}
		{601E9554-6CD2-4392-B1A9-61B0BFD9319C} = {9618169B-C6C9-48B2-8B03-0C34A2E3E4B9}
		{81BE380F-D28A-4BB1-ADF6-745C4BC21FB1} = {9618169B-C6C9-48B2-8B03-0C34A2E3E4B9}
		{7A44BB95-84E2-4079-B9E3-B2FD3AAFC664} = {9618169B-C6C9-48B2-8B03-0C34A2E3E4B9}
		{108F1694-FB7A-4D50-A610-B9CA1DA33A8A} = {81BE380F-D28A-4BB1-ADF6-745C4BC21FB1}
		{1EF37AE1-ADC0-4D2E-B0F0-7D3D21CE31E3} = {81BE380F-D28A-4BB1-ADF6-745C4BC21FB1}
		{943FA40F-0014-47AD-90B1-A3D8D31E8018} = {7A44BB95-84E2-4079-B9E3-B2FD3AAFC664}
		{04E0E679-1E43-4A4D-8FB5-3C5A2194CAA5} = {7A44BB95-84E2-4079-B9E3-B2FD3AAFC664}
		{EDB33ECE-489D-4918-84EC-E232B1F33AF4} = {601E9554-6CD2-4392-B1A9-61B0BFD9319C}
		{76B44B20-BBB1-4464-BF97-0ECF8FE334C9} = {F6F270FF-09FF-492E-9534-87101D8AEA6C}
		{6B50FEA5-A808-4BB0-B7BA-9CA0DEFDA736} = {9618169B-C6C9-48B2-8B03-0C34A2E3E4B9}
	EndGlobalSection
EndGlobal
